
Microsoft Visual Studio Solution File, Format Version 12.00
# Visual Studio Version 16
VisualStudioVersion = 16.0.30413.136
MinimumVisualStudioVersion = 10.0.40219.1
Project("{FAE04EC0-301F-11D3-BF4B-00C04F79EFBC}") = "inClass_assignment", "inClass_assignment\inClass_assignment.csproj", "{FE537DD5-D47F-474B-A492-4BD2B8149BBE}"
EndProject
Global
	GlobalSection(SolutionConfigurationPlatforms) = preSolution
		Debug|Any CPU = Debug|Any CPU
		Release|Any CPU = Release|Any CPU
	EndGlobalSection
	GlobalSection(ProjectConfigurationPlatforms) = postSolution
		{FE537DD5-D47F-474B-A492-4BD2B8149BBE}.Debug|Any CPU.ActiveCfg = Debug|Any CPU
		{FE537DD5-D47F-474B-A492-4BD2B8149BBE}.Debug|Any CPU.Build.0 = Debug|Any CPU
		{FE537DD5-D47F-474B-A492-4BD2B8149BBE}.Release|Any CPU.ActiveCfg = Release|Any CPU
		{FE537DD5-D47F-474B-A492-4BD2B8149BBE}.Release|Any CPU.Build.0 = Release|Any CPU
	EndGlobalSection
	GlobalSection(SolutionProperties) = preSolution
		HideSolutionNode = FALSE
	EndGlobalSection
	GlobalSection(ExtensibilityGlobals) = postSolution
		SolutionGuid = {3C6EE0A7-E950-4A85-97D6-D0973DAD075E}
	EndGlobalSection
EndGlobal
